# This file was autogenerated by Stack.
# You should not edit this file by hand.
# For more information, please see the documentation at:
#   https://docs.haskellstack.org/en/stable/lock_files

packages:
- completed:
    hackage: rio-0.1.20.0@sha256:fd9be8ec54ed384e220f1d25748684d5047a87fa904e0b139dfe28029501a913,3688
    pantry-tree:
      size: 4801
      sha256: 517b74e58802c262aae41a17cdf0f41607347ddb9dc92443dc12bf6fbe091ce8
  original:
    hackage: rio-0.1.20.0
- completed:
    hackage: process-1.6.9.0@sha256:372de796fea9d40e6d02269d5df466c9b8d641f145fad3c1add59db7baeea19e,2576
    pantry-tree:
      size: 1211
      sha256: 9d21df864535dcc65e11fd108c4678fdadf2d53bb9ffd1fda142369c797f31c1
  original:
    hackage: process-1.6.9.0
snapshots:
- completed:
    size: 585393
    url: https://raw.githubusercontent.com/commercialhaskell/stackage-snapshots/master/lts/18/0.yaml
    sha256: c632012da648385b9fa3c29f4e0afd56ead299f1c5528ee789058be410e883c0
  original:
    url: https://raw.githubusercontent.com/commercialhaskell/stackage-snapshots/master/lts/18/0.yaml
